// !$*UTF8*$!
{
	archiveVersion = 1;
	classes = {
	};
	objectVersion = 46;
	objects = {

/* Begin PBXBuildFile section */
		1B582D272730E50351B584BF /* Pods_PlayableAdsAPI_Tests.framework in Frameworks */ = {isa = PBXBuildFile; fileRef = 3D0F1D5E86B27A8CC6613A6D /* Pods_PlayableAdsAPI_Tests.framework */; };
		1BD04EDF672BF5A99302C634 /* Pods_PlayableAdsAPI_Example.framework in Frameworks */ = {isa = PBXBuildFile; fileRef = 8791B0CEABE867A161B7044D /* Pods_PlayableAdsAPI_Example.framework */; };
		5B7D298E2237C59F0033C00A /* PALoadHtmlOrUrlViewController.m in Sources */ = {isa = PBXBuildFile; fileRef = 5B7D298D2237C59F0033C00A /* PALoadHtmlOrUrlViewController.m */; };
		5B7D29952237CB1E0033C00A /* NSString+YumiURLEncodedString.m in Sources */ = {isa = PBXBuildFile; fileRef = 5B7D29902237CB1E0033C00A /* NSString+YumiURLEncodedString.m */; };
		5B7D29962237CB1E0033C00A /* mraid.js in Resources */ = {isa = PBXBuildFile; fileRef = 5B7D29912237CB1E0033C00A /* mraid.js */; };
		5B7D29972237CB1E0033C00A /* supportFunction1.json in Resources */ = {isa = PBXBuildFile; fileRef = 5B7D29922237CB1E0033C00A /* supportFunction1.json */; };
		5B7D29982237CB1E0033C00A /* supportFunction2.json in Resources */ = {isa = PBXBuildFile; fileRef = 5B7D29942237CB1E0033C00A /* supportFunction2.json */; };
		5B7D299D2237CB8D0033C00A /* PAAPIModel.m in Sources */ = {isa = PBXBuildFile; fileRef = 5B7D29992237CB8D0033C00A /* PAAPIModel.m */; };
		5B7D299E2237CB8D0033C00A /* PANetworkManager.m in Sources */ = {isa = PBXBuildFile; fileRef = 5B7D299C2237CB8D0033C00A /* PANetworkManager.m */; };
		5B7D29A12237CD4F0033C00A /* ZplayAppStore.m in Sources */ = {isa = PBXBuildFile; fileRef = 5B7D29A02237CD4F0033C00A /* ZplayAppStore.m */; };
		5B7D29A42237CDC50033C00A /* PARenderViewController.m in Sources */ = {isa = PBXBuildFile; fileRef = 5B7D29A32237CDC50033C00A /* PARenderViewController.m */; };
		5B7D29A722389B370033C00A /* UIView+Toast.m in Sources */ = {isa = PBXBuildFile; fileRef = 5B7D29A622389B370033C00A /* UIView+Toast.m */; };
		6003F58E195388D20070C39A /* Foundation.framework in Frameworks */ = {isa = PBXBuildFile; fileRef = 6003F58D195388D20070C39A /* Foundation.framework */; };
		6003F590195388D20070C39A /* CoreGraphics.framework in Frameworks */ = {isa = PBXBuildFile; fileRef = 6003F58F195388D20070C39A /* CoreGraphics.framework */; };
		6003F592195388D20070C39A /* UIKit.framework in Frameworks */ = {isa = PBXBuildFile; fileRef = 6003F591195388D20070C39A /* UIKit.framework */; };
		6003F598195388D20070C39A /* InfoPlist.strings in Resources */ = {isa = PBXBuildFile; fileRef = 6003F596195388D20070C39A /* InfoPlist.strings */; };
		6003F59A195388D20070C39A /* main.m in Sources */ = {isa = PBXBuildFile; fileRef = 6003F599195388D20070C39A /* main.m */; };
		6003F59E195388D20070C39A /* PAAppDelegate.m in Sources */ = {isa = PBXBuildFile; fileRef = 6003F59D195388D20070C39A /* PAAppDelegate.m */; };
		6003F5A7195388D20070C39A /* PAViewController.m in Sources */ = {isa = PBXBuildFile; fileRef = 6003F5A6195388D20070C39A /* PAViewController.m */; };
		6003F5A9195388D20070C39A /* Images.xcassets in Resources */ = {isa = PBXBuildFile; fileRef = 6003F5A8195388D20070C39A /* Images.xcassets */; };
		6003F5B0195388D20070C39A /* XCTest.framework in Frameworks */ = {isa = PBXBuildFile; fileRef = 6003F5AF195388D20070C39A /* XCTest.framework */; };
		6003F5B1195388D20070C39A /* Foundation.framework in Frameworks */ = {isa = PBXBuildFile; fileRef = 6003F58D195388D20070C39A /* Foundation.framework */; };
		6003F5B2195388D20070C39A /* UIKit.framework in Frameworks */ = {isa = PBXBuildFile; fileRef = 6003F591195388D20070C39A /* UIKit.framework */; };
		6003F5BA195388D20070C39A /* InfoPlist.strings in Resources */ = {isa = PBXBuildFile; fileRef = 6003F5B8195388D20070C39A /* InfoPlist.strings */; };
		6003F5BC195388D20070C39A /* Tests.m in Sources */ = {isa = PBXBuildFile; fileRef = 6003F5BB195388D20070C39A /* Tests.m */; };
		6D383876223F8DE600521972 /* PAVastViewController.m in Sources */ = {isa = PBXBuildFile; fileRef = 6D383875223F8DE600521972 /* PAVastViewController.m */; };
		6D383878223F915300521972 /* localVast.xml in Resources */ = {isa = PBXBuildFile; fileRef = 6D383877223F915300521972 /* localVast.xml */; };
		6D38387C223F96DC00521972 /* PAVastAdModel.m in Sources */ = {isa = PBXBuildFile; fileRef = 6D38387B223F96DC00521972 /* PAVastAdModel.m */; };
		6D383880224094B300521972 /* PAStatisticsReportManager.m in Sources */ = {isa = PBXBuildFile; fileRef = 6D38387F224094B300521972 /* PAStatisticsReportManager.m */; };
		6D3838822240C05600521972 /* vastRequest.json in Resources */ = {isa = PBXBuildFile; fileRef = 6D3838812240C05600521972 /* vastRequest.json */; };
		6D52F9342248BA160042830A /* PASettingItem.m in Sources */ = {isa = PBXBuildFile; fileRef = 6D52F9332248BA160042830A /* PASettingItem.m */; };
		6D58D2222248727A00239B28 /* PASupportFunctionViewController.m in Sources */ = {isa = PBXBuildFile; fileRef = 6D58D2212248727A00239B28 /* PASupportFunctionViewController.m */; };
		6D58D2252248751500239B28 /* PAMainPageViewController.m in Sources */ = {isa = PBXBuildFile; fileRef = 6D58D2242248751500239B28 /* PAMainPageViewController.m */; };
		6D58D22922488F9700239B28 /* PASettingsViewController.m in Sources */ = {isa = PBXBuildFile; fileRef = 6D58D22822488F9700239B28 /* PASettingsViewController.m */; };
		6D58D22C224890D600239B28 /* PASettingsManager.m in Sources */ = {isa = PBXBuildFile; fileRef = 6D58D22B224890D600239B28 /* PASettingsManager.m */; };
		6D58D2312248ACFC00239B28 /* PASettingNormalCell.m in Sources */ = {isa = PBXBuildFile; fileRef = 6D58D22F2248ACFC00239B28 /* PASettingNormalCell.m */; };
		6D58D2322248ACFC00239B28 /* PASettingNormalCell.xib in Resources */ = {isa = PBXBuildFile; fileRef = 6D58D2302248ACFC00239B28 /* PASettingNormalCell.xib */; };
		6D61926022424D7400287C89 /* PALoaderURLConnection.m in Sources */ = {isa = PBXBuildFile; fileRef = 6D61925022424D7300287C89 /* PALoaderURLConnection.m */; };
		6D61926122424D7400287C89 /* PAVideoPlayer.bundle in Resources */ = {isa = PBXBuildFile; fileRef = 6D61925222424D7300287C89 /* PAVideoPlayer.bundle */; };
		6D61926222424D7400287C89 /* PAPlayerView.m in Sources */ = {isa = PBXBuildFile; fileRef = 6D61925322424D7300287C89 /* PAPlayerView.m */; };
		6D61926322424D7400287C89 /* PAVideoPlayer.m in Sources */ = {isa = PBXBuildFile; fileRef = 6D61925422424D7300287C89 /* PAVideoPlayer.m */; };
		6D61926422424D7400287C89 /* PAVideoRequestTask.m in Sources */ = {isa = PBXBuildFile; fileRef = 6D61925522424D7300287C89 /* PAVideoRequestTask.m */; };
		6D61926522424D7400287C89 /* NSString+PA.m in Sources */ = {isa = PBXBuildFile; fileRef = 6D61925822424D7300287C89 /* NSString+PA.m */; };
		6D61926622424D7400287C89 /* PATimeSheetView.m in Sources */ = {isa = PBXBuildFile; fileRef = 6D61925A22424D7400287C89 /* PATimeSheetView.m */; };
		6D61926722424D7400287C89 /* PALightView.m in Sources */ = {isa = PBXBuildFile; fileRef = 6D61925B22424D7400287C89 /* PALightView.m */; };
		6D61926C2243918100287C89 /* PAUIWebViewController.m in Sources */ = {isa = PBXBuildFile; fileRef = 6D61926B2243918100287C89 /* PAUIWebViewController.m */; };
		71719F9F1E33DC2100824A3D /* LaunchScreen.storyboard in Resources */ = {isa = PBXBuildFile; fileRef = 71719F9D1E33DC2100824A3D /* LaunchScreen.storyboard */; };
		873B8AEB1B1F5CCA007FD442 /* Main.storyboard in Resources */ = {isa = PBXBuildFile; fileRef = 873B8AEA1B1F5CCA007FD442 /* Main.storyboard */; };
/* End PBXBuildFile section */

/* Begin PBXContainerItemProxy section */
		6003F5B3195388D20070C39A /* PBXContainerItemProxy */ = {
			isa = PBXContainerItemProxy;
			containerPortal = 6003F582195388D10070C39A /* Project object */;
			proxyType = 1;
			remoteGlobalIDString = 6003F589195388D20070C39A;
			remoteInfo = PlayableAdsAPI;
		};
/* End PBXContainerItemProxy section */

/* Begin PBXFileReference section */
		25CC70326DC91546F3D4DB2B /* Pods-PlayableAdsAPI_Example.release.xcconfig */ = {isa = PBXFileReference; includeInIndex = 1; lastKnownFileType = text.xcconfig; name = "Pods-PlayableAdsAPI_Example.release.xcconfig"; path = "Target Support Files/Pods-PlayableAdsAPI_Example/Pods-PlayableAdsAPI_Example.release.xcconfig"; sourceTree = "<group>"; };
		268BB372898CFC3B9B87C570 /* Pods-PlayableAdsAPI_Tests.release.xcconfig */ = {isa = PBXFileReference; includeInIndex = 1; lastKnownFileType = text.xcconfig; name = "Pods-PlayableAdsAPI_Tests.release.xcconfig"; path = "Pods/Target Support Files/Pods-PlayableAdsAPI_Tests/Pods-PlayableAdsAPI_Tests.release.xcconfig"; sourceTree = "<group>"; };
		368885742145835E65F10A43 /* Pods-PlayableAdsAPI_Tests.debug.xcconfig */ = {isa = PBXFileReference; includeInIndex = 1; lastKnownFileType = text.xcconfig; name = "Pods-PlayableAdsAPI_Tests.debug.xcconfig"; path = "Target Support Files/Pods-PlayableAdsAPI_Tests/Pods-PlayableAdsAPI_Tests.debug.xcconfig"; sourceTree = "<group>"; };
		3A3C5093482B7796FDB1CE27 /* LICENSE */ = {isa = PBXFileReference; includeInIndex = 1; lastKnownFileType = text; name = LICENSE; path = ../LICENSE; sourceTree = "<group>"; };
		3D0F1D5E86B27A8CC6613A6D /* Pods_PlayableAdsAPI_Tests.framework */ = {isa = PBXFileReference; explicitFileType = wrapper.framework; includeInIndex = 0; path = Pods_PlayableAdsAPI_Tests.framework; sourceTree = BUILT_PRODUCTS_DIR; };
		5B7D298C2237C59F0033C00A /* PALoadHtmlOrUrlViewController.h */ = {isa = PBXFileReference; lastKnownFileType = sourcecode.c.h; path = PALoadHtmlOrUrlViewController.h; sourceTree = "<group>"; };
		5B7D298D2237C59F0033C00A /* PALoadHtmlOrUrlViewController.m */ = {isa = PBXFileReference; lastKnownFileType = sourcecode.c.objc; path = PALoadHtmlOrUrlViewController.m; sourceTree = "<group>"; };
		5B7D29902237CB1E0033C00A /* NSString+YumiURLEncodedString.m */ = {isa = PBXFileReference; fileEncoding = 4; lastKnownFileType = sourcecode.c.objc; path = "NSString+YumiURLEncodedString.m"; sourceTree = "<group>"; };
		5B7D29912237CB1E0033C00A /* mraid.js */ = {isa = PBXFileReference; fileEncoding = 4; lastKnownFileType = sourcecode.javascript; path = mraid.js; sourceTree = "<group>"; };
		5B7D29922237CB1E0033C00A /* supportFunction1.json */ = {isa = PBXFileReference; fileEncoding = 4; lastKnownFileType = text.json; path = supportFunction1.json; sourceTree = "<group>"; };
		5B7D29932237CB1E0033C00A /* NSString+YumiURLEncodedString.h */ = {isa = PBXFileReference; fileEncoding = 4; lastKnownFileType = sourcecode.c.h; path = "NSString+YumiURLEncodedString.h"; sourceTree = "<group>"; };
		5B7D29942237CB1E0033C00A /* supportFunction2.json */ = {isa = PBXFileReference; fileEncoding = 4; lastKnownFileType = text.json; path = supportFunction2.json; sourceTree = "<group>"; };
		5B7D29992237CB8D0033C00A /* PAAPIModel.m */ = {isa = PBXFileReference; fileEncoding = 4; lastKnownFileType = sourcecode.c.objc; path = PAAPIModel.m; sourceTree = "<group>"; };
		5B7D299A2237CB8D0033C00A /* PAAPIModel.h */ = {isa = PBXFileReference; fileEncoding = 4; lastKnownFileType = sourcecode.c.h; path = PAAPIModel.h; sourceTree = "<group>"; };
		5B7D299B2237CB8D0033C00A /* PANetworkManager.h */ = {isa = PBXFileReference; fileEncoding = 4; lastKnownFileType = sourcecode.c.h; path = PANetworkManager.h; sourceTree = "<group>"; };
		5B7D299C2237CB8D0033C00A /* PANetworkManager.m */ = {isa = PBXFileReference; fileEncoding = 4; lastKnownFileType = sourcecode.c.objc; path = PANetworkManager.m; sourceTree = "<group>"; };
		5B7D299F2237CD4F0033C00A /* ZplayAppStore.h */ = {isa = PBXFileReference; fileEncoding = 4; lastKnownFileType = sourcecode.c.h; path = ZplayAppStore.h; sourceTree = "<group>"; };
		5B7D29A02237CD4F0033C00A /* ZplayAppStore.m */ = {isa = PBXFileReference; fileEncoding = 4; lastKnownFileType = sourcecode.c.objc; path = ZplayAppStore.m; sourceTree = "<group>"; };
		5B7D29A22237CDC50033C00A /* PARenderViewController.h */ = {isa = PBXFileReference; lastKnownFileType = sourcecode.c.h; path = PARenderViewController.h; sourceTree = "<group>"; };
		5B7D29A32237CDC50033C00A /* PARenderViewController.m */ = {isa = PBXFileReference; lastKnownFileType = sourcecode.c.objc; path = PARenderViewController.m; sourceTree = "<group>"; };
		5B7D29A522389B370033C00A /* UIView+Toast.h */ = {isa = PBXFileReference; fileEncoding = 4; lastKnownFileType = sourcecode.c.h; path = "UIView+Toast.h"; sourceTree = "<group>"; };
		5B7D29A622389B370033C00A /* UIView+Toast.m */ = {isa = PBXFileReference; fileEncoding = 4; lastKnownFileType = sourcecode.c.objc; path = "UIView+Toast.m"; sourceTree = "<group>"; };
		6003F58A195388D20070C39A /* PlayableAdsAPI_Example.app */ = {isa = PBXFileReference; explicitFileType = wrapper.application; includeInIndex = 0; path = PlayableAdsAPI_Example.app; sourceTree = BUILT_PRODUCTS_DIR; };
		6003F58D195388D20070C39A /* Foundation.framework */ = {isa = PBXFileReference; lastKnownFileType = wrapper.framework; name = Foundation.framework; path = System/Library/Frameworks/Foundation.framework; sourceTree = SDKROOT; };
		6003F58F195388D20070C39A /* CoreGraphics.framework */ = {isa = PBXFileReference; lastKnownFileType = wrapper.framework; name = CoreGraphics.framework; path = System/Library/Frameworks/CoreGraphics.framework; sourceTree = SDKROOT; };
		6003F591195388D20070C39A /* UIKit.framework */ = {isa = PBXFileReference; lastKnownFileType = wrapper.framework; name = UIKit.framework; path = System/Library/Frameworks/UIKit.framework; sourceTree = SDKROOT; };
		6003F595195388D20070C39A /* PlayableAdsAPI-Info.plist */ = {isa = PBXFileReference; lastKnownFileType = text.plist.xml; path = "PlayableAdsAPI-Info.plist"; sourceTree = "<group>"; };
		6003F597195388D20070C39A /* en */ = {isa = PBXFileReference; lastKnownFileType = text.plist.strings; name = en; path = en.lproj/InfoPlist.strings; sourceTree = "<group>"; };
		6003F599195388D20070C39A /* main.m */ = {isa = PBXFileReference; lastKnownFileType = sourcecode.c.objc; path = main.m; sourceTree = "<group>"; };
		6003F59B195388D20070C39A /* PlayableAdsAPI-Prefix.pch */ = {isa = PBXFileReference; lastKnownFileType = sourcecode.c.h; path = "PlayableAdsAPI-Prefix.pch"; sourceTree = "<group>"; };
		6003F59C195388D20070C39A /* PAAppDelegate.h */ = {isa = PBXFileReference; lastKnownFileType = sourcecode.c.h; path = PAAppDelegate.h; sourceTree = "<group>"; };
		6003F59D195388D20070C39A /* PAAppDelegate.m */ = {isa = PBXFileReference; lastKnownFileType = sourcecode.c.objc; path = PAAppDelegate.m; sourceTree = "<group>"; };
		6003F5A5195388D20070C39A /* PAViewController.h */ = {isa = PBXFileReference; lastKnownFileType = sourcecode.c.h; path = PAViewController.h; sourceTree = "<group>"; };
		6003F5A6195388D20070C39A /* PAViewController.m */ = {isa = PBXFileReference; lastKnownFileType = sourcecode.c.objc; path = PAViewController.m; sourceTree = "<group>"; };
		6003F5A8195388D20070C39A /* Images.xcassets */ = {isa = PBXFileReference; lastKnownFileType = folder.assetcatalog; path = Images.xcassets; sourceTree = "<group>"; };
		6003F5AE195388D20070C39A /* PlayableAdsAPI_Tests.xctest */ = {isa = PBXFileReference; explicitFileType = wrapper.cfbundle; includeInIndex = 0; path = PlayableAdsAPI_Tests.xctest; sourceTree = BUILT_PRODUCTS_DIR; };
		6003F5AF195388D20070C39A /* XCTest.framework */ = {isa = PBXFileReference; lastKnownFileType = wrapper.framework; name = XCTest.framework; path = Library/Frameworks/XCTest.framework; sourceTree = DEVELOPER_DIR; };
		6003F5B7195388D20070C39A /* Tests-Info.plist */ = {isa = PBXFileReference; lastKnownFileType = text.plist.xml; path = "Tests-Info.plist"; sourceTree = "<group>"; };
		6003F5B9195388D20070C39A /* en */ = {isa = PBXFileReference; lastKnownFileType = text.plist.strings; name = en; path = en.lproj/InfoPlist.strings; sourceTree = "<group>"; };
		6003F5BB195388D20070C39A /* Tests.m */ = {isa = PBXFileReference; lastKnownFileType = sourcecode.c.objc; path = Tests.m; sourceTree = "<group>"; };
		606FC2411953D9B200FFA9A0 /* Tests-Prefix.pch */ = {isa = PBXFileReference; lastKnownFileType = sourcecode.c.h; path = "Tests-Prefix.pch"; sourceTree = "<group>"; };
		62F323085BD2C86CA040E9A9 /* PlayableAdsAPI.podspec */ = {isa = PBXFileReference; includeInIndex = 1; lastKnownFileType = text; name = PlayableAdsAPI.podspec; path = ../PlayableAdsAPI.podspec; sourceTree = "<group>"; };
		6D383874223F8DE600521972 /* PAVastViewController.h */ = {isa = PBXFileReference; lastKnownFileType = sourcecode.c.h; path = PAVastViewController.h; sourceTree = "<group>"; };
		6D383875223F8DE600521972 /* PAVastViewController.m */ = {isa = PBXFileReference; lastKnownFileType = sourcecode.c.objc; path = PAVastViewController.m; sourceTree = "<group>"; };
		6D383877223F915300521972 /* localVast.xml */ = {isa = PBXFileReference; fileEncoding = 4; lastKnownFileType = text.xml; path = localVast.xml; sourceTree = SOURCE_ROOT; };
		6D38387A223F96DC00521972 /* PAVastAdModel.h */ = {isa = PBXFileReference; lastKnownFileType = sourcecode.c.h; path = PAVastAdModel.h; sourceTree = "<group>"; };
		6D38387B223F96DC00521972 /* PAVastAdModel.m */ = {isa = PBXFileReference; lastKnownFileType = sourcecode.c.objc; path = PAVastAdModel.m; sourceTree = "<group>"; };
		6D38387E224094B300521972 /* PAStatisticsReportManager.h */ = {isa = PBXFileReference; lastKnownFileType = sourcecode.c.h; path = PAStatisticsReportManager.h; sourceTree = "<group>"; };
		6D38387F224094B300521972 /* PAStatisticsReportManager.m */ = {isa = PBXFileReference; lastKnownFileType = sourcecode.c.objc; path = PAStatisticsReportManager.m; sourceTree = "<group>"; };
		6D3838812240C05600521972 /* vastRequest.json */ = {isa = PBXFileReference; fileEncoding = 4; lastKnownFileType = text.json; path = vastRequest.json; sourceTree = "<group>"; };
		6D52F9312248B7DC0042830A /* PAHeaderFile.h */ = {isa = PBXFileReference; fileEncoding = 4; lastKnownFileType = sourcecode.c.h; path = PAHeaderFile.h; sourceTree = "<group>"; };
		6D52F9322248BA160042830A /* PASettingItem.h */ = {isa = PBXFileReference; lastKnownFileType = sourcecode.c.h; path = PASettingItem.h; sourceTree = "<group>"; };
		6D52F9332248BA160042830A /* PASettingItem.m */ = {isa = PBXFileReference; lastKnownFileType = sourcecode.c.objc; path = PASettingItem.m; sourceTree = "<group>"; };
		6D58D2202248727A00239B28 /* PASupportFunctionViewController.h */ = {isa = PBXFileReference; lastKnownFileType = sourcecode.c.h; path = PASupportFunctionViewController.h; sourceTree = "<group>"; };
		6D58D2212248727A00239B28 /* PASupportFunctionViewController.m */ = {isa = PBXFileReference; lastKnownFileType = sourcecode.c.objc; path = PASupportFunctionViewController.m; sourceTree = "<group>"; };
		6D58D2232248751500239B28 /* PAMainPageViewController.h */ = {isa = PBXFileReference; lastKnownFileType = sourcecode.c.h; name = PAMainPageViewController.h; path = PlayableAdsAPI/PAMainPageViewController.h; sourceTree = SOURCE_ROOT; };
		6D58D2242248751500239B28 /* PAMainPageViewController.m */ = {isa = PBXFileReference; lastKnownFileType = sourcecode.c.objc; name = PAMainPageViewController.m; path = PlayableAdsAPI/PAMainPageViewController.m; sourceTree = SOURCE_ROOT; };
		6D58D22722488F9700239B28 /* PASettingsViewController.h */ = {isa = PBXFileReference; lastKnownFileType = sourcecode.c.h; path = PASettingsViewController.h; sourceTree = "<group>"; };
		6D58D22822488F9700239B28 /* PASettingsViewController.m */ = {isa = PBXFileReference; lastKnownFileType = sourcecode.c.objc; path = PASettingsViewController.m; sourceTree = "<group>"; };
		6D58D22A224890D600239B28 /* PASettingsManager.h */ = {isa = PBXFileReference; lastKnownFileType = sourcecode.c.h; path = PASettingsManager.h; sourceTree = "<group>"; };
		6D58D22B224890D600239B28 /* PASettingsManager.m */ = {isa = PBXFileReference; lastKnownFileType = sourcecode.c.objc; path = PASettingsManager.m; sourceTree = "<group>"; };
		6D58D22E2248ACFC00239B28 /* PASettingNormalCell.h */ = {isa = PBXFileReference; lastKnownFileType = sourcecode.c.h; path = PASettingNormalCell.h; sourceTree = "<group>"; };
		6D58D22F2248ACFC00239B28 /* PASettingNormalCell.m */ = {isa = PBXFileReference; lastKnownFileType = sourcecode.c.objc; path = PASettingNormalCell.m; sourceTree = "<group>"; };
		6D58D2302248ACFC00239B28 /* PASettingNormalCell.xib */ = {isa = PBXFileReference; lastKnownFileType = file.xib; path = PASettingNormalCell.xib; sourceTree = "<group>"; };
		6D61924E22424D7300287C89 /* PAVideoRequestTask.h */ = {isa = PBXFileReference; fileEncoding = 4; lastKnownFileType = sourcecode.c.h; path = PAVideoRequestTask.h; sourceTree = "<group>"; };
		6D61925022424D7300287C89 /* PALoaderURLConnection.m */ = {isa = PBXFileReference; fileEncoding = 4; lastKnownFileType = sourcecode.c.objc; path = PALoaderURLConnection.m; sourceTree = "<group>"; };
		6D61925222424D7300287C89 /* PAVideoPlayer.bundle */ = {isa = PBXFileReference; lastKnownFileType = "wrapper.plug-in"; path = PAVideoPlayer.bundle; sourceTree = "<group>"; };
		6D61925322424D7300287C89 /* PAPlayerView.m */ = {isa = PBXFileReference; fileEncoding = 4; lastKnownFileType = sourcecode.c.objc; path = PAPlayerView.m; sourceTree = "<group>"; };
		6D61925422424D7300287C89 /* PAVideoPlayer.m */ = {isa = PBXFileReference; fileEncoding = 4; lastKnownFileType = sourcecode.c.objc; path = PAVideoPlayer.m; sourceTree = "<group>"; };
		6D61925522424D7300287C89 /* PAVideoRequestTask.m */ = {isa = PBXFileReference; fileEncoding = 4; lastKnownFileType = sourcecode.c.objc; path = PAVideoRequestTask.m; sourceTree = "<group>"; };
		6D61925622424D7300287C89 /* PALoaderURLConnection.h */ = {isa = PBXFileReference; fileEncoding = 4; lastKnownFileType = sourcecode.c.h; path = PALoaderURLConnection.h; sourceTree = "<group>"; };
		6D61925722424D7300287C89 /* NSString+PA.h */ = {isa = PBXFileReference; fileEncoding = 4; lastKnownFileType = sourcecode.c.h; path = "NSString+PA.h"; sourceTree = "<group>"; };
		6D61925822424D7300287C89 /* NSString+PA.m */ = {isa = PBXFileReference; fileEncoding = 4; lastKnownFileType = sourcecode.c.objc; path = "NSString+PA.m"; sourceTree = "<group>"; };
		6D61925922424D7400287C89 /* PAPlayerView.h */ = {isa = PBXFileReference; fileEncoding = 4; lastKnownFileType = sourcecode.c.h; path = PAPlayerView.h; sourceTree = "<group>"; };
		6D61925A22424D7400287C89 /* PATimeSheetView.m */ = {isa = PBXFileReference; fileEncoding = 4; lastKnownFileType = sourcecode.c.objc; path = PATimeSheetView.m; sourceTree = "<group>"; };
		6D61925B22424D7400287C89 /* PALightView.m */ = {isa = PBXFileReference; fileEncoding = 4; lastKnownFileType = sourcecode.c.objc; path = PALightView.m; sourceTree = "<group>"; };
		6D61925C22424D7400287C89 /* PAVideoPlayer.h */ = {isa = PBXFileReference; fileEncoding = 4; lastKnownFileType = sourcecode.c.h; path = PAVideoPlayer.h; sourceTree = "<group>"; };
		6D61925D22424D7400287C89 /* PALightView.h */ = {isa = PBXFileReference; fileEncoding = 4; lastKnownFileType = sourcecode.c.h; path = PALightView.h; sourceTree = "<group>"; };
		6D61925F22424D7400287C89 /* PATimeSheetView.h */ = {isa = PBXFileReference; fileEncoding = 4; lastKnownFileType = sourcecode.c.h; path = PATimeSheetView.h; sourceTree = "<group>"; };
		6D61926922426D8E00287C89 /* PAPlayerHeader.h */ = {isa = PBXFileReference; fileEncoding = 4; lastKnownFileType = sourcecode.c.h; path = PAPlayerHeader.h; sourceTree = "<group>"; };
		6D61926A2243918100287C89 /* PAUIWebViewController.h */ = {isa = PBXFileReference; lastKnownFileType = sourcecode.c.h; path = PAUIWebViewController.h; sourceTree = "<group>"; };
		6D61926B2243918100287C89 /* PAUIWebViewController.m */ = {isa = PBXFileReference; lastKnownFileType = sourcecode.c.objc; path = PAUIWebViewController.m; sourceTree = "<group>"; };
		71719F9E1E33DC2100824A3D /* Base */ = {isa = PBXFileReference; lastKnownFileType = file.storyboard; name = Base; path = Base.lproj/LaunchScreen.storyboard; sourceTree = "<group>"; };
		873B8AEA1B1F5CCA007FD442 /* Main.storyboard */ = {isa = PBXFileReference; fileEncoding = 4; lastKnownFileType = file.storyboard; path = Main.storyboard; sourceTree = "<group>"; };
		8791B0CEABE867A161B7044D /* Pods_PlayableAdsAPI_Example.framework */ = {isa = PBXFileReference; explicitFileType = wrapper.framework; includeInIndex = 0; path = Pods_PlayableAdsAPI_Example.framework; sourceTree = BUILT_PRODUCTS_DIR; };
		8F5B6DC94244F29995A2A2F4 /* Pods-PlayableAdsAPI_Example.debug.xcconfig */ = {isa = PBXFileReference; includeInIndex = 1; lastKnownFileType = text.xcconfig; name = "Pods-PlayableAdsAPI_Example.debug.xcconfig"; path = "Pods/Target Support Files/Pods-PlayableAdsAPI_Example/Pods-PlayableAdsAPI_Example.debug.xcconfig"; sourceTree = "<group>"; };
		A3DD9B37AEB6FC5A8ACB78BB /* Pods-PlayableAdsAPI_Example.release.xcconfig */ = {isa = PBXFileReference; includeInIndex = 1; lastKnownFileType = text.xcconfig; name = "Pods-PlayableAdsAPI_Example.release.xcconfig"; path = "Pods/Target Support Files/Pods-PlayableAdsAPI_Example/Pods-PlayableAdsAPI_Example.release.xcconfig"; sourceTree = "<group>"; };
		D828882593D194DF3726DC05 /* Pods-PlayableAdsAPI_Tests.debug.xcconfig */ = {isa = PBXFileReference; includeInIndex = 1; lastKnownFileType = text.xcconfig; name = "Pods-PlayableAdsAPI_Tests.debug.xcconfig"; path = "Pods/Target Support Files/Pods-PlayableAdsAPI_Tests/Pods-PlayableAdsAPI_Tests.debug.xcconfig"; sourceTree = "<group>"; };
		DDB564A7872D2615C923CC9A /* Pods-PlayableAdsAPI_Example.debug.xcconfig */ = {isa = PBXFileReference; includeInIndex = 1; lastKnownFileType = text.xcconfig; name = "Pods-PlayableAdsAPI_Example.debug.xcconfig"; path = "Target Support Files/Pods-PlayableAdsAPI_Example/Pods-PlayableAdsAPI_Example.debug.xcconfig"; sourceTree = "<group>"; };
		E50191CF17EDA2BF7D74E5B7 /* Pods-PlayableAdsAPI_Tests.release.xcconfig */ = {isa = PBXFileReference; includeInIndex = 1; lastKnownFileType = text.xcconfig; name = "Pods-PlayableAdsAPI_Tests.release.xcconfig"; path = "Target Support Files/Pods-PlayableAdsAPI_Tests/Pods-PlayableAdsAPI_Tests.release.xcconfig"; sourceTree = "<group>"; };
		F9E9B921E6D31B91375C0988 /* README.md */ = {isa = PBXFileReference; includeInIndex = 1; lastKnownFileType = net.daringfireball.markdown; name = README.md; path = ../README.md; sourceTree = "<group>"; };
/* End PBXFileReference section */

/* Begin PBXFrameworksBuildPhase section */
		6003F587195388D20070C39A /* Frameworks */ = {
			isa = PBXFrameworksBuildPhase;
			buildActionMask = 2147483647;
			files = (
				6003F590195388D20070C39A /* CoreGraphics.framework in Frameworks */,
				6003F592195388D20070C39A /* UIKit.framework in Frameworks */,
				6003F58E195388D20070C39A /* Foundation.framework in Frameworks */,
				1BD04EDF672BF5A99302C634 /* Pods_PlayableAdsAPI_Example.framework in Frameworks */,
			);
			runOnlyForDeploymentPostprocessing = 0;
		};
		6003F5AB195388D20070C39A /* Frameworks */ = {
			isa = PBXFrameworksBuildPhase;
			buildActionMask = 2147483647;
			files = (
				6003F5B0195388D20070C39A /* XCTest.framework in Frameworks */,
				6003F5B2195388D20070C39A /* UIKit.framework in Frameworks */,
				6003F5B1195388D20070C39A /* Foundation.framework in Frameworks */,
				1B582D272730E50351B584BF /* Pods_PlayableAdsAPI_Tests.framework in Frameworks */,
			);
			runOnlyForDeploymentPostprocessing = 0;
		};
/* End PBXFrameworksBuildPhase section */

/* Begin PBXGroup section */
		4727EE48374CAE23B98EE738 /* Pods */ = {
			isa = PBXGroup;
			children = (
				DDB564A7872D2615C923CC9A /* Pods-PlayableAdsAPI_Example.debug.xcconfig */,
				25CC70326DC91546F3D4DB2B /* Pods-PlayableAdsAPI_Example.release.xcconfig */,
				368885742145835E65F10A43 /* Pods-PlayableAdsAPI_Tests.debug.xcconfig */,
				E50191CF17EDA2BF7D74E5B7 /* Pods-PlayableAdsAPI_Tests.release.xcconfig */,
				8F5B6DC94244F29995A2A2F4 /* Pods-PlayableAdsAPI_Example.debug.xcconfig */,
				A3DD9B37AEB6FC5A8ACB78BB /* Pods-PlayableAdsAPI_Example.release.xcconfig */,
				D828882593D194DF3726DC05 /* Pods-PlayableAdsAPI_Tests.debug.xcconfig */,
				268BB372898CFC3B9B87C570 /* Pods-PlayableAdsAPI_Tests.release.xcconfig */,
			);
			path = Pods;
			sourceTree = "<group>";
		};
		5B7D298F2237CB1E0033C00A /* Tools */ = {
			isa = PBXGroup;
			children = (
				6D52F9312248B7DC0042830A /* PAHeaderFile.h */,
				5B7D29A522389B370033C00A /* UIView+Toast.h */,
				5B7D29A622389B370033C00A /* UIView+Toast.m */,
				5B7D299F2237CD4F0033C00A /* ZplayAppStore.h */,
				5B7D29A02237CD4F0033C00A /* ZplayAppStore.m */,
				5B7D299A2237CB8D0033C00A /* PAAPIModel.h */,
				5B7D29992237CB8D0033C00A /* PAAPIModel.m */,
				5B7D299B2237CB8D0033C00A /* PANetworkManager.h */,
				5B7D299C2237CB8D0033C00A /* PANetworkManager.m */,
				5B7D29932237CB1E0033C00A /* NSString+YumiURLEncodedString.h */,
				5B7D29902237CB1E0033C00A /* NSString+YumiURLEncodedString.m */,
				5B7D29912237CB1E0033C00A /* mraid.js */,
				5B7D29922237CB1E0033C00A /* supportFunction1.json */,
				5B7D29942237CB1E0033C00A /* supportFunction2.json */,
			);
			path = Tools;
			sourceTree = "<group>";
		};
		6003F581195388D10070C39A = {
			isa = PBXGroup;
			children = (
				60FF7A9C1954A5C5007DD14C /* Podspec Metadata */,
				6003F593195388D20070C39A /* Example for PlayableAdsAPI */,
				6003F5B5195388D20070C39A /* Tests */,
				6003F58C195388D20070C39A /* Frameworks */,
				6003F58B195388D20070C39A /* Products */,
				4727EE48374CAE23B98EE738 /* Pods */,
			);
			sourceTree = "<group>";
		};
		6003F58B195388D20070C39A /* Products */ = {
			isa = PBXGroup;
			children = (
				6003F58A195388D20070C39A /* PlayableAdsAPI_Example.app */,
				6003F5AE195388D20070C39A /* PlayableAdsAPI_Tests.xctest */,
			);
			name = Products;
			sourceTree = "<group>";
		};
		6003F58C195388D20070C39A /* Frameworks */ = {
			isa = PBXGroup;
			children = (
				6003F58D195388D20070C39A /* Foundation.framework */,
				6003F58F195388D20070C39A /* CoreGraphics.framework */,
				6003F591195388D20070C39A /* UIKit.framework */,
				6003F5AF195388D20070C39A /* XCTest.framework */,
				8791B0CEABE867A161B7044D /* Pods_PlayableAdsAPI_Example.framework */,
				3D0F1D5E86B27A8CC6613A6D /* Pods_PlayableAdsAPI_Tests.framework */,
			);
			name = Frameworks;
			sourceTree = "<group>";
		};
		6003F593195388D20070C39A /* Example for PlayableAdsAPI */ = {
			isa = PBXGroup;
			children = (
				6D58D22622488F4C00239B28 /* Settings */,
				6D58D21F2248724500239B28 /* SupportFunction */,
				6D61921722424B9900287C89 /* PAVideoPlayer */,
				6D383873223F8D6400521972 /* Vast */,
				5B7D298F2237CB1E0033C00A /* Tools */,
				6003F5A5195388D20070C39A /* PAViewController.h */,
				6003F5A6195388D20070C39A /* PAViewController.m */,
				5B7D298C2237C59F0033C00A /* PALoadHtmlOrUrlViewController.h */,
				5B7D298D2237C59F0033C00A /* PALoadHtmlOrUrlViewController.m */,
				5B7D29A22237CDC50033C00A /* PARenderViewController.h */,
				5B7D29A32237CDC50033C00A /* PARenderViewController.m */,
				6D61926A2243918100287C89 /* PAUIWebViewController.h */,
				6D61926B2243918100287C89 /* PAUIWebViewController.m */,
				6D58D2232248751500239B28 /* PAMainPageViewController.h */,
				6D58D2242248751500239B28 /* PAMainPageViewController.m */,
				6003F594195388D20070C39A /* Supporting Files */,
			);
			name = "Example for PlayableAdsAPI";
			path = PlayableAdsAPI;
			sourceTree = "<group>";
		};
		6003F594195388D20070C39A /* Supporting Files */ = {
			isa = PBXGroup;
			children = (
				6003F59C195388D20070C39A /* PAAppDelegate.h */,
				6003F59D195388D20070C39A /* PAAppDelegate.m */,
				6D383877223F915300521972 /* localVast.xml */,
				873B8AEA1B1F5CCA007FD442 /* Main.storyboard */,
				6003F5A8195388D20070C39A /* Images.xcassets */,
				71719F9D1E33DC2100824A3D /* LaunchScreen.storyboard */,
				6003F595195388D20070C39A /* PlayableAdsAPI-Info.plist */,
				6003F596195388D20070C39A /* InfoPlist.strings */,
				6003F599195388D20070C39A /* main.m */,
				6003F59B195388D20070C39A /* PlayableAdsAPI-Prefix.pch */,
			);
			name = "Supporting Files";
			sourceTree = "<group>";
		};
		6003F5B5195388D20070C39A /* Tests */ = {
			isa = PBXGroup;
			children = (
				6003F5BB195388D20070C39A /* Tests.m */,
				6003F5B6195388D20070C39A /* Supporting Files */,
			);
			path = Tests;
			sourceTree = "<group>";
		};
		6003F5B6195388D20070C39A /* Supporting Files */ = {
			isa = PBXGroup;
			children = (
				6003F5B7195388D20070C39A /* Tests-Info.plist */,
				6003F5B8195388D20070C39A /* InfoPlist.strings */,
				606FC2411953D9B200FFA9A0 /* Tests-Prefix.pch */,
			);
			name = "Supporting Files";
			sourceTree = "<group>";
		};
		60FF7A9C1954A5C5007DD14C /* Podspec Metadata */ = {
			isa = PBXGroup;
			children = (
				62F323085BD2C86CA040E9A9 /* PlayableAdsAPI.podspec */,
				F9E9B921E6D31B91375C0988 /* README.md */,
				3A3C5093482B7796FDB1CE27 /* LICENSE */,
			);
			name = "Podspec Metadata";
			sourceTree = "<group>";
		};
		6D383873223F8D6400521972 /* Vast */ = {
			isa = PBXGroup;
			children = (
				6D3838812240C05600521972 /* vastRequest.json */,
				6D38387D2240946D00521972 /* NetWork */,
				6D383879223F95E300521972 /* Model */,
				6D383874223F8DE600521972 /* PAVastViewController.h */,
				6D383875223F8DE600521972 /* PAVastViewController.m */,
			);
			path = Vast;
			sourceTree = "<group>";
		};
		6D383879223F95E300521972 /* Model */ = {
			isa = PBXGroup;
			children = (
				6D38387A223F96DC00521972 /* PAVastAdModel.h */,
				6D38387B223F96DC00521972 /* PAVastAdModel.m */,
			);
			path = Model;
			sourceTree = "<group>";
		};
		6D38387D2240946D00521972 /* NetWork */ = {
			isa = PBXGroup;
			children = (
				6D38387E224094B300521972 /* PAStatisticsReportManager.h */,
				6D38387F224094B300521972 /* PAStatisticsReportManager.m */,
			);
			path = NetWork;
			sourceTree = "<group>";
		};
		6D58D21F2248724500239B28 /* SupportFunction */ = {
			isa = PBXGroup;
			children = (
				6D58D2202248727A00239B28 /* PASupportFunctionViewController.h */,
				6D58D2212248727A00239B28 /* PASupportFunctionViewController.m */,
			);
			path = SupportFunction;
			sourceTree = "<group>";
		};
		6D58D22622488F4C00239B28 /* Settings */ = {
			isa = PBXGroup;
			children = (
				6D58D22D2248AC6100239B28 /* Views */,
				6D58D22722488F9700239B28 /* PASettingsViewController.h */,
				6D58D22822488F9700239B28 /* PASettingsViewController.m */,
				6D58D22A224890D600239B28 /* PASettingsManager.h */,
				6D58D22B224890D600239B28 /* PASettingsManager.m */,
				6D52F9322248BA160042830A /* PASettingItem.h */,
				6D52F9332248BA160042830A /* PASettingItem.m */,
			);
			path = Settings;
			sourceTree = "<group>";
		};
		6D58D22D2248AC6100239B28 /* Views */ = {
			isa = PBXGroup;
			children = (
				6D58D22E2248ACFC00239B28 /* PASettingNormalCell.h */,
				6D58D22F2248ACFC00239B28 /* PASettingNormalCell.m */,
				6D58D2302248ACFC00239B28 /* PASettingNormalCell.xib */,
			);
			path = Views;
			sourceTree = "<group>";
		};
		6D61921722424B9900287C89 /* PAVideoPlayer */ = {
			isa = PBXGroup;
			children = (
				6D61926922426D8E00287C89 /* PAPlayerHeader.h */,
				6D61925722424D7300287C89 /* NSString+PA.h */,
				6D61925822424D7300287C89 /* NSString+PA.m */,
				6D61925222424D7300287C89 /* PAVideoPlayer.bundle */,
				6D61925C22424D7400287C89 /* PAVideoPlayer.h */,
				6D61925422424D7300287C89 /* PAVideoPlayer.m */,
				6D61925D22424D7400287C89 /* PALightView.h */,
				6D61925B22424D7400287C89 /* PALightView.m */,
				6D61925622424D7300287C89 /* PALoaderURLConnection.h */,
				6D61925022424D7300287C89 /* PALoaderURLConnection.m */,
				6D61925922424D7400287C89 /* PAPlayerView.h */,
				6D61925322424D7300287C89 /* PAPlayerView.m */,
				6D61925F22424D7400287C89 /* PATimeSheetView.h */,
				6D61925A22424D7400287C89 /* PATimeSheetView.m */,
				6D61924E22424D7300287C89 /* PAVideoRequestTask.h */,
				6D61925522424D7300287C89 /* PAVideoRequestTask.m */,
			);
			path = PAVideoPlayer;
			sourceTree = "<group>";
		};
/* End PBXGroup section */

/* Begin PBXNativeTarget section */
		6003F589195388D20070C39A /* PlayableAdsAPI_Example */ = {
			isa = PBXNativeTarget;
			buildConfigurationList = 6003F5BF195388D20070C39A /* Build configuration list for PBXNativeTarget "PlayableAdsAPI_Example" */;
			buildPhases = (
				EBE51ABAFC1FBA4E3251C88D /* [CP] Check Pods Manifest.lock */,
				6003F586195388D20070C39A /* Sources */,
				6003F587195388D20070C39A /* Frameworks */,
				6003F588195388D20070C39A /* Resources */,
				B6463152B728E2513CF850BB /* [CP] Embed Pods Frameworks */,
			);
			buildRules = (
			);
			dependencies = (
			);
			name = PlayableAdsAPI_Example;
			productName = PlayableAdsAPI;
			productReference = 6003F58A195388D20070C39A /* PlayableAdsAPI_Example.app */;
			productType = "com.apple.product-type.application";
		};
		6003F5AD195388D20070C39A /* PlayableAdsAPI_Tests */ = {
			isa = PBXNativeTarget;
			buildConfigurationList = 6003F5C2195388D20070C39A /* Build configuration list for PBXNativeTarget "PlayableAdsAPI_Tests" */;
			buildPhases = (
				E690BF62CE275EF8631A1579 /* [CP] Check Pods Manifest.lock */,
				6003F5AA195388D20070C39A /* Sources */,
				6003F5AB195388D20070C39A /* Frameworks */,
				6003F5AC195388D20070C39A /* Resources */,
			);
			buildRules = (
			);
			dependencies = (
				6003F5B4195388D20070C39A /* PBXTargetDependency */,
			);
			name = PlayableAdsAPI_Tests;
			productName = PlayableAdsAPITests;
			productReference = 6003F5AE195388D20070C39A /* PlayableAdsAPI_Tests.xctest */;
			productType = "com.apple.product-type.bundle.unit-test";
		};
/* End PBXNativeTarget section */

/* Begin PBXProject section */
		6003F582195388D10070C39A /* Project object */ = {
			isa = PBXProject;
			attributes = {
				CLASSPREFIX = PA;
				LastUpgradeCheck = 0720;
				ORGANIZATIONNAME = "wzy2010416033@163.com";
				TargetAttributes = {
					6003F589195388D20070C39A = {
						DevelopmentTeam = VG25A6M88T;
						ProvisioningStyle = Manual;
					};
					6003F5AD195388D20070C39A = {
						TestTargetID = 6003F589195388D20070C39A;
					};
				};
			};
			buildConfigurationList = 6003F585195388D10070C39A /* Build configuration list for PBXProject "PlayableAdsAPI" */;
			compatibilityVersion = "Xcode 3.2";
			developmentRegion = English;
			hasScannedForEncodings = 0;
			knownRegions = (
				en,
				Base,
			);
			mainGroup = 6003F581195388D10070C39A;
			productRefGroup = 6003F58B195388D20070C39A /* Products */;
			projectDirPath = "";
			projectRoot = "";
			targets = (
				6003F589195388D20070C39A /* PlayableAdsAPI_Example */,
				6003F5AD195388D20070C39A /* PlayableAdsAPI_Tests */,
			);
		};
/* End PBXProject section */

/* Begin PBXResourcesBuildPhase section */
		6003F588195388D20070C39A /* Resources */ = {
			isa = PBXResourcesBuildPhase;
			buildActionMask = 2147483647;
			files = (
				5B7D29962237CB1E0033C00A /* mraid.js in Resources */,
				5B7D29982237CB1E0033C00A /* supportFunction2.json in Resources */,
				873B8AEB1B1F5CCA007FD442 /* Main.storyboard in Resources */,
				71719F9F1E33DC2100824A3D /* LaunchScreen.storyboard in Resources */,
				6D61926122424D7400287C89 /* PAVideoPlayer.bundle in Resources */,
				6003F5A9195388D20070C39A /* Images.xcassets in Resources */,
				6D383878223F915300521972 /* localVast.xml in Resources */,
				6003F598195388D20070C39A /* InfoPlist.strings in Resources */,
				6D3838822240C05600521972 /* vastRequest.json in Resources */,
				5B7D29972237CB1E0033C00A /* supportFunction1.json in Resources */,
				6D58D2322248ACFC00239B28 /* PASettingNormalCell.xib in Resources */,
			);
			runOnlyForDeploymentPostprocessing = 0;
		};
		6003F5AC195388D20070C39A /* Resources */ = {
			isa = PBXResourcesBuildPhase;
			buildActionMask = 2147483647;
			files = (
				6003F5BA195388D20070C39A /* InfoPlist.strings in Resources */,
			);
			runOnlyForDeploymentPostprocessing = 0;
		};
/* End PBXResourcesBuildPhase section */

/* Begin PBXShellScriptBuildPhase section */
		B6463152B728E2513CF850BB /* [CP] Embed Pods Frameworks */ = {
			isa = PBXShellScriptBuildPhase;
			buildActionMask = 2147483647;
			files = (
			);
			inputFileListPaths = (
			);
			inputPaths = (
				"${PODS_ROOT}/Target Support Files/Pods-PlayableAdsAPI_Example/Pods-PlayableAdsAPI_Example-frameworks.sh",
				"${BUILT_PRODUCTS_DIR}/AFNetworking/AFNetworking.framework",
				"${BUILT_PRODUCTS_DIR}/GDataXML-HTML/GDataXML_HTML.framework",
				"${BUILT_PRODUCTS_DIR}/MJRefresh/MJRefresh.framework",
				"${BUILT_PRODUCTS_DIR}/Masonry/Masonry.framework",
				"${BUILT_PRODUCTS_DIR}/PlayableAdsAPI/PlayableAdsAPI.framework",
				"${BUILT_PRODUCTS_DIR}/SDWebImage/SDWebImage.framework",
				"${BUILT_PRODUCTS_DIR}/SVProgressHUD/SVProgressHUD.framework",
				"${BUILT_PRODUCTS_DIR}/YYModel/YYModel.framework",
			);
			name = "[CP] Embed Pods Frameworks";
			outputFileListPaths = (
			);
			outputPaths = (
				"${TARGET_BUILD_DIR}/${FRAMEWORKS_FOLDER_PATH}/AFNetworking.framework",
				"${TARGET_BUILD_DIR}/${FRAMEWORKS_FOLDER_PATH}/GDataXML_HTML.framework",
				"${TARGET_BUILD_DIR}/${FRAMEWORKS_FOLDER_PATH}/MJRefresh.framework",
				"${TARGET_BUILD_DIR}/${FRAMEWORKS_FOLDER_PATH}/Masonry.framework",
				"${TARGET_BUILD_DIR}/${FRAMEWORKS_FOLDER_PATH}/PlayableAdsAPI.framework",
				"${TARGET_BUILD_DIR}/${FRAMEWORKS_FOLDER_PATH}/SDWebImage.framework",
				"${TARGET_BUILD_DIR}/${FRAMEWORKS_FOLDER_PATH}/SVProgressHUD.framework",
				"${TARGET_BUILD_DIR}/${FRAMEWORKS_FOLDER_PATH}/YYModel.framework",
			);
			runOnlyForDeploymentPostprocessing = 0;
			shellPath = /bin/sh;
			shellScript = "\"${PODS_ROOT}/Target Support Files/Pods-PlayableAdsAPI_Example/Pods-PlayableAdsAPI_Example-frameworks.sh\"\n";
			showEnvVarsInLog = 0;
		};
		E690BF62CE275EF8631A1579 /* [CP] Check Pods Manifest.lock */ = {
			isa = PBXShellScriptBuildPhase;
			buildActionMask = 2147483647;
			files = (
			);
			inputFileListPaths = (
			);
			inputPaths = (
				"${PODS_PODFILE_DIR_PATH}/Podfile.lock",
				"${PODS_ROOT}/Manifest.lock",
			);
			name = "[CP] Check Pods Manifest.lock";
			outputFileListPaths = (
			);
			outputPaths = (
				"$(DERIVED_FILE_DIR)/Pods-PlayableAdsAPI_Tests-checkManifestLockResult.txt",
			);
			runOnlyForDeploymentPostprocessing = 0;
			shellPath = /bin/sh;
			shellScript = "diff \"${PODS_PODFILE_DIR_PATH}/Podfile.lock\" \"${PODS_ROOT}/Manifest.lock\" > /dev/null\nif [ $? != 0 ] ; then\n    # print error to STDERR\n    echo \"error: The sandbox is not in sync with the Podfile.lock. Run 'pod install' or update your CocoaPods installation.\" >&2\n    exit 1\nfi\n# This output is used by Xcode 'outputs' to avoid re-running this script phase.\necho \"SUCCESS\" > \"${SCRIPT_OUTPUT_FILE_0}\"\n";
			showEnvVarsInLog = 0;
		};
		EBE51ABAFC1FBA4E3251C88D /* [CP] Check Pods Manifest.lock */ = {
			isa = PBXShellScriptBuildPhase;
			buildActionMask = 2147483647;
			files = (
			);
			inputFileListPaths = (
			);
			inputPaths = (
				"${PODS_PODFILE_DIR_PATH}/Podfile.lock",
				"${PODS_ROOT}/Manifest.lock",
			);
			name = "[CP] Check Pods Manifest.lock";
			outputFileListPaths = (
			);
			outputPaths = (
				"$(DERIVED_FILE_DIR)/Pods-PlayableAdsAPI_Example-checkManifestLockResult.txt",
			);
			runOnlyForDeploymentPostprocessing = 0;
			shellPath = /bin/sh;
			shellScript = "diff \"${PODS_PODFILE_DIR_PATH}/Podfile.lock\" \"${PODS_ROOT}/Manifest.lock\" > /dev/null\nif [ $? != 0 ] ; then\n    # print error to STDERR\n    echo \"error: The sandbox is not in sync with the Podfile.lock. Run 'pod install' or update your CocoaPods installation.\" >&2\n    exit 1\nfi\n# This output is used by Xcode 'outputs' to avoid re-running this script phase.\necho \"SUCCESS\" > \"${SCRIPT_OUTPUT_FILE_0}\"\n";
			showEnvVarsInLog = 0;
		};
/* End PBXShellScriptBuildPhase section */

/* Begin PBXSourcesBuildPhase section */
		6003F586195388D20070C39A /* Sources */ = {
			isa = PBXSourcesBuildPhase;
			buildActionMask = 2147483647;
			files = (
				5B7D29A12237CD4F0033C00A /* ZplayAppStore.m in Sources */,
				5B7D29952237CB1E0033C00A /* NSString+YumiURLEncodedString.m in Sources */,
				6D52F9342248BA160042830A /* PASettingItem.m in Sources */,
				5B7D299D2237CB8D0033C00A /* PAAPIModel.m in Sources */,
				6D61926022424D7400287C89 /* PALoaderURLConnection.m in Sources */,
				6D61926622424D7400287C89 /* PATimeSheetView.m in Sources */,
				6D61926522424D7400287C89 /* NSString+PA.m in Sources */,
				6D38387C223F96DC00521972 /* PAVastAdModel.m in Sources */,
				5B7D29A42237CDC50033C00A /* PARenderViewController.m in Sources */,
				6D58D2252248751500239B28 /* PAMainPageViewController.m in Sources */,
				6D61926722424D7400287C89 /* PALightView.m in Sources */,
				6003F59E195388D20070C39A /* PAAppDelegate.m in Sources */,
				6D61926C2243918100287C89 /* PAUIWebViewController.m in Sources */,
				6D58D2222248727A00239B28 /* PASupportFunctionViewController.m in Sources */,
				6D58D22C224890D600239B28 /* PASettingsManager.m in Sources */,
				6003F5A7195388D20070C39A /* PAViewController.m in Sources */,
				6D58D22922488F9700239B28 /* PASettingsViewController.m in Sources */,
				6D61926322424D7400287C89 /* PAVideoPlayer.m in Sources */,
				5B7D299E2237CB8D0033C00A /* PANetworkManager.m in Sources */,
				6D58D2312248ACFC00239B28 /* PASettingNormalCell.m in Sources */,
				6D61926222424D7400287C89 /* PAPlayerView.m in Sources */,
				6D383876223F8DE600521972 /* PAVastViewController.m in Sources */,
				6003F59A195388D20070C39A /* main.m in Sources */,
				5B7D29A722389B370033C00A /* UIView+Toast.m in Sources */,
				6D61926422424D7400287C89 /* PAVideoRequestTask.m in Sources */,
				6D383880224094B300521972 /* PAStatisticsReportManager.m in Sources */,
				5B7D298E2237C59F0033C00A /* PALoadHtmlOrUrlViewController.m in Sources */,
			);
			runOnlyForDeploymentPostprocessing = 0;
		};
		6003F5AA195388D20070C39A /* Sources */ = {
			isa = PBXSourcesBuildPhase;
			buildActionMask = 2147483647;
			files = (
				6003F5BC195388D20070C39A /* Tests.m in Sources */,
			);
			runOnlyForDeploymentPostprocessing = 0;
		};
/* End PBXSourcesBuildPhase section */

/* Begin PBXTargetDependency section */
		6003F5B4195388D20070C39A /* PBXTargetDependency */ = {
			isa = PBXTargetDependency;
			target = 6003F589195388D20070C39A /* PlayableAdsAPI_Example */;
			targetProxy = 6003F5B3195388D20070C39A /* PBXContainerItemProxy */;
		};
/* End PBXTargetDependency section */

/* Begin PBXVariantGroup section */
		6003F596195388D20070C39A /* InfoPlist.strings */ = {
			isa = PBXVariantGroup;
			children = (
				6003F597195388D20070C39A /* en */,
			);
			name = InfoPlist.strings;
			sourceTree = "<group>";
		};
		6003F5B8195388D20070C39A /* InfoPlist.strings */ = {
			isa = PBXVariantGroup;
			children = (
				6003F5B9195388D20070C39A /* en */,
			);
			name = InfoPlist.strings;
			sourceTree = "<group>";
		};
		71719F9D1E33DC2100824A3D /* LaunchScreen.storyboard */ = {
			isa = PBXVariantGroup;
			children = (
				71719F9E1E33DC2100824A3D /* Base */,
			);
			name = LaunchScreen.storyboard;
			sourceTree = "<group>";
		};
/* End PBXVariantGroup section */

/* Begin XCBuildConfiguration section */
		6003F5BD195388D20070C39A /* Debug */ = {
			isa = XCBuildConfiguration;
			buildSettings = {
				ALWAYS_SEARCH_USER_PATHS = NO;
				CLANG_CXX_LANGUAGE_STANDARD = "gnu++0x";
				CLANG_CXX_LIBRARY = "libc++";
				CLANG_ENABLE_MODULES = YES;
				CLANG_ENABLE_OBJC_ARC = YES;
				CLANG_WARN_BOOL_CONVERSION = YES;
				CLANG_WARN_CONSTANT_CONVERSION = YES;
				CLANG_WARN_DIRECT_OBJC_ISA_USAGE = YES_ERROR;
				CLANG_WARN_EMPTY_BODY = YES;
				CLANG_WARN_ENUM_CONVERSION = YES;
				CLANG_WARN_INT_CONVERSION = YES;
				CLANG_WARN_OBJC_ROOT_CLASS = YES_ERROR;
				CLANG_WARN__DUPLICATE_METHOD_MATCH = YES;
				"CODE_SIGN_IDENTITY[sdk=iphoneos*]" = "iPhone Developer";
				COPY_PHASE_STRIP = NO;
				ENABLE_TESTABILITY = YES;
				GCC_C_LANGUAGE_STANDARD = gnu99;
				GCC_DYNAMIC_NO_PIC = NO;
				GCC_OPTIMIZATION_LEVEL = 0;
				GCC_PREPROCESSOR_DEFINITIONS = (
					"DEBUG=1",
					"$(inherited)",
				);
				GCC_SYMBOLS_PRIVATE_EXTERN = NO;
				GCC_WARN_64_TO_32_BIT_CONVERSION = YES;
				GCC_WARN_ABOUT_RETURN_TYPE = YES_ERROR;
				GCC_WARN_UNDECLARED_SELECTOR = YES;
				GCC_WARN_UNINITIALIZED_AUTOS = YES_AGGRESSIVE;
				GCC_WARN_UNUSED_FUNCTION = YES;
				GCC_WARN_UNUSED_VARIABLE = YES;
				IPHONEOS_DEPLOYMENT_TARGET = 9.3;
				ONLY_ACTIVE_ARCH = YES;
				SDKROOT = iphoneos;
				TARGETED_DEVICE_FAMILY = "1,2";
			};
			name = Debug;
		};
		6003F5BE195388D20070C39A /* Release */ = {
			isa = XCBuildConfiguration;
			buildSettings = {
				ALWAYS_SEARCH_USER_PATHS = NO;
				CLANG_CXX_LANGUAGE_STANDARD = "gnu++0x";
				CLANG_CXX_LIBRARY = "libc++";
				CLANG_ENABLE_MODULES = YES;
				CLANG_ENABLE_OBJC_ARC = YES;
				CLANG_WARN_BOOL_CONVERSION = YES;
				CLANG_WARN_CONSTANT_CONVERSION = YES;
				CLANG_WARN_DIRECT_OBJC_ISA_USAGE = YES_ERROR;
				CLANG_WARN_EMPTY_BODY = YES;
				CLANG_WARN_ENUM_CONVERSION = YES;
				CLANG_WARN_INT_CONVERSION = YES;
				CLANG_WARN_OBJC_ROOT_CLASS = YES_ERROR;
				CLANG_WARN__DUPLICATE_METHOD_MATCH = YES;
				"CODE_SIGN_IDENTITY[sdk=iphoneos*]" = "iPhone Developer";
				COPY_PHASE_STRIP = YES;
				ENABLE_NS_ASSERTIONS = NO;
				GCC_C_LANGUAGE_STANDARD = gnu99;
				GCC_WARN_64_TO_32_BIT_CONVERSION = YES;
				GCC_WARN_ABOUT_RETURN_TYPE = YES_ERROR;
				GCC_WARN_UNDECLARED_SELECTOR = YES;
				GCC_WARN_UNINITIALIZED_AUTOS = YES_AGGRESSIVE;
				GCC_WARN_UNUSED_FUNCTION = YES;
				GCC_WARN_UNUSED_VARIABLE = YES;
				IPHONEOS_DEPLOYMENT_TARGET = 9.3;
				SDKROOT = iphoneos;
				TARGETED_DEVICE_FAMILY = "1,2";
				VALIDATE_PRODUCT = YES;
			};
			name = Release;
		};
		6003F5C0195388D20070C39A /* Debug */ = {
			isa = XCBuildConfiguration;
			baseConfigurationReference = DDB564A7872D2615C923CC9A /* Pods-PlayableAdsAPI_Example.debug.xcconfig */;
			buildSettings = {
				ASSETCATALOG_COMPILER_APPICON_NAME = AppIcon;
				CODE_SIGN_IDENTITY = "iPhone Developer";
				CODE_SIGN_STYLE = Manual;
				DEVELOPMENT_TEAM = VG25A6M88T;
				GCC_PRECOMPILE_PREFIX_HEADER = YES;
				GCC_PREFIX_HEADER = "PlayableAdsAPI/PlayableAdsAPI-Prefix.pch";
				INFOPLIST_FILE = "PlayableAdsAPI/PlayableAdsAPI-Info.plist";
				IPHONEOS_DEPLOYMENT_TARGET = 9.0;
				MODULE_NAME = ExampleApp;
				PRODUCT_BUNDLE_IDENTIFIER = com.zplay.PlayableAdsAPI;
				PRODUCT_NAME = "$(TARGET_NAME)";
				PROVISIONING_PROFILE_SPECIFIER = wanghaiyingDev;
				TARGETED_DEVICE_FAMILY = "1,2";
				WRAPPER_EXTENSION = app;
			};
			name = Debug;
		};
		6003F5C1195388D20070C39A /* Release */ = {
			isa = XCBuildConfiguration;
			baseConfigurationReference = 25CC70326DC91546F3D4DB2B /* Pods-PlayableAdsAPI_Example.release.xcconfig */;
			buildSettings = {
				ASSETCATALOG_COMPILER_APPICON_NAME = AppIcon;
				CODE_SIGN_IDENTITY = "iPhone Distribution";
				CODE_SIGN_STYLE = Manual;
				DEVELOPMENT_TEAM = L5UE3EGW93;
				GCC_PRECOMPILE_PREFIX_HEADER = YES;
				GCC_PREFIX_HEADER = "PlayableAdsAPI/PlayableAdsAPI-Prefix.pch";
				INFOPLIST_FILE = "PlayableAdsAPI/PlayableAdsAPI-Info.plist";
				IPHONEOS_DEPLOYMENT_TARGET = 9.0;
				MODULE_NAME = ExampleApp;
				PRODUCT_BUNDLE_IDENTIFIER = com.zplay.PlayableAdsAPI;
				PRODUCT_NAME = "$(TARGET_NAME)";
				PROVISIONING_PROFILE_SPECIFIER = Dis;
				TARGETED_DEVICE_FAMILY = "1,2";
				WRAPPER_EXTENSION = app;
			};
			name = Release;
		};
		6003F5C3195388D20070C39A /* Debug */ = {
			isa = XCBuildConfiguration;
			baseConfigurationReference = 368885742145835E65F10A43 /* Pods-PlayableAdsAPI_Tests.debug.xcconfig */;
			buildSettings = {
				BUNDLE_LOADER = "$(TEST_HOST)";
				FRAMEWORK_SEARCH_PATHS = (
					"$(SDKROOT)/Developer/Library/Frameworks",
					"$(inherited)",
					"$(DEVELOPER_FRAMEWORKS_DIR)",
				);
				GCC_PRECOMPILE_PREFIX_HEADER = YES;
				GCC_PREFIX_HEADER = "Tests/Tests-Prefix.pch";
				GCC_PREPROCESSOR_DEFINITIONS = (
					"DEBUG=1",
					"$(inherited)",
				);
				INFOPLIST_FILE = "Tests/Tests-Info.plist";
				PRODUCT_BUNDLE_IDENTIFIER = "org.cocoapods.demo.${PRODUCT_NAME:rfc1034identifier}";
				PRODUCT_NAME = "$(TARGET_NAME)";
				TEST_HOST = "$(BUILT_PRODUCTS_DIR)/PlayableAdsAPI_Example.app/PlayableAdsAPI_Example";
				WRAPPER_EXTENSION = xctest;
			};
			name = Debug;
		};
		6003F5C4195388D20070C39A /* Release */ = {
			isa = XCBuildConfiguration;
			baseConfigurationReference = E50191CF17EDA2BF7D74E5B7 /* Pods-PlayableAdsAPI_Tests.release.xcconfig */;
			buildSettings = {
				BUNDLE_LOADER = "$(TEST_HOST)";
				FRAMEWORK_SEARCH_PATHS = (
					"$(SDKROOT)/Developer/Library/Frameworks",
					"$(inherited)",
					"$(DEVELOPER_FRAMEWORKS_DIR)",
				);
				GCC_PRECOMPILE_PREFIX_HEADER = YES;
				GCC_PREFIX_HEADER = "Tests/Tests-Prefix.pch";
				INFOPLIST_FILE = "Tests/Tests-Info.plist";
				PRODUCT_BUNDLE_IDENTIFIER = "org.cocoapods.demo.${PRODUCT_NAME:rfc1034identifier}";
				PRODUCT_NAME = "$(TARGET_NAME)";
				TEST_HOST = "$(BUILT_PRODUCTS_DIR)/PlayableAdsAPI_Example.app/PlayableAdsAPI_Example";
				WRAPPER_EXTENSION = xctest;
			};
			name = Release;
		};
/* End XCBuildConfiguration section */

/* Begin XCConfigurationList section */
		6003F585195388D10070C39A /* Build configuration list for PBXProject "PlayableAdsAPI" */ = {
			isa = XCConfigurationList;
			buildConfigurations = (
				6003F5BD195388D20070C39A /* Debug */,
				6003F5BE195388D20070C39A /* Release */,
			);
			defaultConfigurationIsVisible = 0;
			defaultConfigurationName = Release;
		};
		6003F5BF195388D20070C39A /* Build configuration list for PBXNativeTarget "PlayableAdsAPI_Example" */ = {
			isa = XCConfigurationList;
			buildConfigurations = (
				6003F5C0195388D20070C39A /* Debug */,
				6003F5C1195388D20070C39A /* Release */,
			);
			defaultConfigurationIsVisible = 0;
			defaultConfigurationName = Release;
		};
		6003F5C2195388D20070C39A /* Build configuration list for PBXNativeTarget "PlayableAdsAPI_Tests" */ = {
			isa = XCConfigurationList;
			buildConfigurations = (
				6003F5C3195388D20070C39A /* Debug */,
				6003F5C4195388D20070C39A /* Release */,
			);
			defaultConfigurationIsVisible = 0;
			defaultConfigurationName = Release;
		};
/* End XCConfigurationList section */
	};
	rootObject = 6003F582195388D10070C39A /* Project object */;
}
